PODS:
  - device_info_plus (0.0.1):
    - Flutter
  - Flutter (1.0.0)
  - gal (1.0.0):
    - Flutter
    - FlutterMacOS
  - geocoding_ios (1.0.5):
    - Flutter
  - geolocator_apple (1.2.0):
    - Flutter
    - FlutterMacOS
  - image_picker_ios (0.0.1):
    - Flutter
  - package_info_plus (0.4.5):
    - Flutter
  - path_provider_foundation (0.0.1):
    - Flutter
    - FlutterMacOS
  - permission_handler_apple (9.3.0):
    - Flutter
  - purchases_flutter (8.11.0):
    - Flutter
    - PurchasesHybridCommon (= 14.3.0)
  - purchases_ui_flutter (8.11.0):
    - Flutter
    - PurchasesHybridCommonUI (= 14.3.0)
  - PurchasesHybridCommon (14.3.0):
    - RevenueCat (= 5.32.0)
  - PurchasesHybridCommonUI (14.3.0):
    - PurchasesHybridCommon (= 14.3.0)
    - RevenueCatUI (= 5.32.0)
  - QCloudCore (6.5.1):
    - QCloudCore/Default (= 6.5.1)
  - QCloudCore/Default (6.5.1):
    - QCloudTrack/Beacon (= 6.5.1)
  - QCloudCOSXML (6.5.1):
    - QCloudCOSXML/Default (= 6.5.1)
  - QCloudCOSXML/Default (6.5.1):
    - QCloudCore (= 6.5.1)
  - QCloudTrack/Beacon (6.5.1)
  - RevenueCat (5.32.0)
  - RevenueCatUI (5.32.0):
    - RevenueCat (= 5.32.0)
  - share_plus (0.0.1):
    - Flutter
  - shared_preferences_foundation (0.0.1):
    - Flutter
    - FlutterMacOS
  - tencentcloud_cos_sdk_plugin (1.2.6):
    - Flutter
    - QCloudCOSXML (= 6.5.1)
  - url_launcher_ios (0.0.1):
    - Flutter

DEPENDENCIES:
  - device_info_plus (from `.symlinks/plugins/device_info_plus/ios`)
  - Flutter (from `Flutter`)
  - gal (from `.symlinks/plugins/gal/darwin`)
  - geocoding_ios (from `.symlinks/plugins/geocoding_ios/ios`)
  - geolocator_apple (from `.symlinks/plugins/geolocator_apple/darwin`)
  - image_picker_ios (from `.symlinks/plugins/image_picker_ios/ios`)
  - package_info_plus (from `.symlinks/plugins/package_info_plus/ios`)
  - path_provider_foundation (from `.symlinks/plugins/path_provider_foundation/darwin`)
  - permission_handler_apple (from `.symlinks/plugins/permission_handler_apple/ios`)
  - purchases_flutter (from `.symlinks/plugins/purchases_flutter/ios`)
  - purchases_ui_flutter (from `.symlinks/plugins/purchases_ui_flutter/ios`)
  - share_plus (from `.symlinks/plugins/share_plus/ios`)
  - shared_preferences_foundation (from `.symlinks/plugins/shared_preferences_foundation/darwin`)
  - tencentcloud_cos_sdk_plugin (from `.symlinks/plugins/tencentcloud_cos_sdk_plugin/ios`)
  - url_launcher_ios (from `.symlinks/plugins/url_launcher_ios/ios`)

SPEC REPOS:
  trunk:
    - PurchasesHybridCommon
    - PurchasesHybridCommonUI
    - QCloudCore
    - QCloudCOSXML
    - QCloudTrack
    - RevenueCat
    - RevenueCatUI

EXTERNAL SOURCES:
  device_info_plus:
    :path: ".symlinks/plugins/device_info_plus/ios"
  Flutter:
    :path: Flutter
  gal:
    :path: ".symlinks/plugins/gal/darwin"
  geocoding_ios:
    :path: ".symlinks/plugins/geocoding_ios/ios"
  geolocator_apple:
    :path: ".symlinks/plugins/geolocator_apple/darwin"
  image_picker_ios:
    :path: ".symlinks/plugins/image_picker_ios/ios"
  package_info_plus:
    :path: ".symlinks/plugins/package_info_plus/ios"
  path_provider_foundation:
    :path: ".symlinks/plugins/path_provider_foundation/darwin"
  permission_handler_apple:
    :path: ".symlinks/plugins/permission_handler_apple/ios"
  purchases_flutter:
    :path: ".symlinks/plugins/purchases_flutter/ios"
  purchases_ui_flutter:
    :path: ".symlinks/plugins/purchases_ui_flutter/ios"
  share_plus:
    :path: ".symlinks/plugins/share_plus/ios"
  shared_preferences_foundation:
    :path: ".symlinks/plugins/shared_preferences_foundation/darwin"
  tencentcloud_cos_sdk_plugin:
    :path: ".symlinks/plugins/tencentcloud_cos_sdk_plugin/ios"
  url_launcher_ios:
    :path: ".symlinks/plugins/url_launcher_ios/ios"

SPEC CHECKSUMS:
  device_info_plus: 71ffc6ab7634ade6267c7a93088ed7e4f74e5896
  Flutter: e0871f40cf51350855a761d2e70bf5af5b9b5de7
  gal: baecd024ebfd13c441269ca7404792a7152fde89
  geocoding_ios: 86f1c479822f07a2f79f7094f2b753d1e9e20215
  geolocator_apple: ab36aa0e8b7d7a2d7639b3b4e48308394e8cef5e
  image_picker_ios: 7fe1ff8e34c1790d6fff70a32484959f563a928a
  package_info_plus: 566e1b7a2f3900e4b0020914ad3fc051dcc95596
  path_provider_foundation: 080d55be775b7414fd5a5ef3ac137b97b097e564
  permission_handler_apple: 4ed2196e43d0651e8ff7ca3483a069d469701f2d
  purchases_flutter: 3570127ba41583a75e553d68a763367007830eff
  purchases_ui_flutter: 4f73ee267b1f50f72f71ece0d918fc5d0cb7f97f
  PurchasesHybridCommon: 7f0944cc5411bdcd1ea5d69affa6a6f9aaf87b13
  PurchasesHybridCommonUI: 8149f983d0d5fcc6d2536900c934d3dfb7cbed45
  QCloudCore: 6f8c67b96448472d2c6a92b9cfe1bdb5abbb1798
  QCloudCOSXML: 92f50a787b4e8d9a7cb6ea8e626775256b4840a7
  QCloudTrack: 20b79388365b4c8ed150019c82a56f1569f237f8
  RevenueCat: 7e1d0768fb287c9983173c9b28e39ccbeeb828a9
  RevenueCatUI: 61ddba6f94803f9b79c470ffe1e8b81d807c11ce
  share_plus: de6030e33b4e106470e09322d87cf2a4258d2d1d
  shared_preferences_foundation: 9e1978ff2562383bd5676f64ec4e9aa8fa06a6f7
  tencentcloud_cos_sdk_plugin: b7a4260f562e220cdb3933b881e092199a3e43f8
  url_launcher_ios: 694010445543906933d732453a59da0a173ae33d

PODFILE CHECKSUM: c4b7ff75fe500baa505244cdcd6c66f39acf48c1

COCOAPODS: 1.16.2
